
Microsoft Visual Studio Solution File, Format Version 12.00
# Visual Studio Version 17
VisualStudioVersion = 17.0.31903.59
MinimumVisualStudioVersion = 10.0.40219.1
Project("{FAE04EC0-301F-11D3-BF4B-00C04F79EFBC}") = "BreakfastGyG.Contracts", "BreakfastGyG.Contracts\BreakfastGyG.Contracts.csproj", "{5C19DD8A-6600-4F6B-BBE9-F2CA50362DEB}"
EndProject
Project("{FAE04EC0-301F-11D3-BF4B-00C04F79EFBC}") = "BreakfastGyG", "BreakfastGyG\BreakfastGyG.csproj", "{0DA76A4E-3AA5-4A05-92AC-CADD8DFCC9BE}"
EndProject
Global
	GlobalSection(SolutionConfigurationPlatforms) = preSolution
		Debug|Any CPU = Debug|Any CPU
		Release|Any CPU = Release|Any CPU
	EndGlobalSection
	GlobalSection(SolutionProperties) = preSolution
		HideSolutionNode = FALSE
	EndGlobalSection
	GlobalSection(ProjectConfigurationPlatforms) = postSolution
		{5C19DD8A-6600-4F6B-BBE9-F2CA50362DEB}.Debug|Any CPU.ActiveCfg = Debug|Any CPU
		{5C19DD8A-6600-4F6B-BBE9-F2CA50362DEB}.Debug|Any CPU.Build.0 = Debug|Any CPU
		{5C19DD8A-6600-4F6B-BBE9-F2CA50362DEB}.Release|Any CPU.ActiveCfg = Release|Any CPU
		{5C19DD8A-6600-4F6B-BBE9-F2CA50362DEB}.Release|Any CPU.Build.0 = Release|Any CPU
		{0DA76A4E-3AA5-4A05-92AC-CADD8DFCC9BE}.Debug|Any CPU.ActiveCfg = Debug|Any CPU
		{0DA76A4E-3AA5-4A05-92AC-CADD8DFCC9BE}.Debug|Any CPU.Build.0 = Debug|Any CPU
		{0DA76A4E-3AA5-4A05-92AC-CADD8DFCC9BE}.Release|Any CPU.ActiveCfg = Release|Any CPU
		{0DA76A4E-3AA5-4A05-92AC-CADD8DFCC9BE}.Release|Any CPU.Build.0 = Release|Any CPU
	EndGlobalSection
EndGlobal
